
Microsoft Visual Studio Solution File, Format Version 12.00
# Visual Studio Version 17
VisualStudioVersion = 17.14.37516.0 d17.14
MinimumVisualStudioVersion = 10.0.40219.1
Project("{FAE04EC0-301F-11D3-BF4B-00C04F79EFBC}") = "SaatApiBusiness", "SaatApiBusiness\SaatApiBusiness.csproj", "{DD7801F8-2778-44E3-8530-D78F25E4EBB2}"
EndProject
Project("{FAE04EC0-301F-11D3-BF4B-00C04F79EFBC}") = "SaatApiCore", "SaatApiCore\SaatApiCore.csproj", "{A820084E-09EB-4A5E-BF99-A69A91BE01CC}"
EndProject
Project("{FAE04EC0-301F-11D3-BF4B-00C04F79EFBC}") = "SaatApiDataAccess", "SaatApiDataAccess\SaatApiDataAccess.csproj", "{482523CC-909A-4937-AACA-B23F7A65DA4A}"
EndProject
Project("{FAE04EC0-301F-11D3-BF4B-00C04F79EFBC}") = "SaatApiAPI", "SaatApiAPI\SaatApiAPI.csproj", "{7A52DD22-871B-45A9-A4D5-B16E61D8E1CC}"
EndProject
Global
	GlobalSection(SolutionConfigurationPlatforms) = preSolution
		Debug|Any CPU = Debug|Any CPU
		Release|Any CPU = Release|Any CPU
	EndGlobalSection
	GlobalSection(ProjectConfigurationPlatforms) = postSolution
		{DD7801F8-2778-44E3-8530-D78F25E4EBB2}.Debug|Any CPU.ActiveCfg = Debug|Any CPU
		{DD7801F8-2778-44E3-8530-D78F25E4EBB2}.Debug|Any CPU.Build.0 = Debug|Any CPU
		{DD7801F8-2778-44E3-8530-D78F25E4EBB2}.Release|Any CPU.ActiveCfg = Release|Any CPU
		{DD7801F8-2778-44E3-8530-D78F25E4EBB2}.Release|Any CPU.Build.0 = Release|Any CPU
		{A820084E-09EB-4A5E-BF99-A69A91BE01CC}.Debug|Any CPU.ActiveCfg = Debug|Any CPU
		{A820084E-09EB-4A5E-BF99-A69A91BE01CC}.Debug|Any CPU.Build.0 = Debug|Any CPU
		{A820084E-09EB-4A5E-BF99-A69A91BE01CC}.Release|Any CPU.ActiveCfg = Release|Any CPU
		{A820084E-09EB-4A5E-BF99-A69A91BE01CC}.Release|Any CPU.Build.0 = Release|Any CPU
		{482523CC-909A-4937-AACA-B23F7A65DA4A}.Debug|Any CPU.ActiveCfg = Debug|Any CPU
		{482523CC-909A-4937-AACA-B23F7A65DA4A}.Debug|Any CPU.Build.0 = Debug|Any CPU
		{482523CC-909A-4937-AACA-B23F7A65DA4A}.Release|Any CPU.ActiveCfg = Release|Any CPU
		{482523CC-909A-4937-AACA-B23F7A65DA4A}.Release|Any CPU.Build.0 = Release|Any CPU
		{7A52DD22-871B-45A9-A4D5-B16E61D8E1CC}.Debug|Any CPU.ActiveCfg = Debug|Any CPU
		{7A52DD22-871B-45A9-A4D5-B16E61D8E1CC}.Debug|Any CPU.Build.0 = Debug|Any CPU
		{7A52DD22-871B-45A9-A4D5-B16E61D8E1CC}.Release|Any CPU.ActiveCfg = Release|Any CPU
		{7A52DD22-871B-45A9-A4D5-B16E61D8E1CC}.Release|Any CPU.Build.0 = Release|Any CPU
	EndGlobalSection
	GlobalSection(SolutionProperties) = preSolution
		HideSolutionNode = FALSE
	EndGlobalSection
	GlobalSection(ExtensibilityGlobals) = postSolution
		SolutionGuid = {F0C251E4-FB99-4662-B9F4-222F3D216E1A}
	EndGlobalSection
EndGlobal
